<?xml version="1.0" encoding="utf-8"?>
<Project ToolsVersion="4.0" xmlns="http://schemas.microsoft.com/developer/msbuild/2003">
  <ItemGroup>
    <Filter Include="Source Files">
      <UniqueIdentifier>{4FC737F1-C7A5-4376-A066-2A32D752A2FF}</UniqueIdentifier>
      <Extensions>cpp;c;cc;cxx;def;odl;idl;hpj;bat;asm;asmx</Extensions>
    </Filter>
    <Filter Include="Common">
      <UniqueIdentifier>{790e8aaa-302c-4a28-b886-03a1ba69cab5}</UniqueIdentifier>
    </Filter>
    <Filter Include="shaders">
      <UniqueIdentifier>{a95d82c0-2a20-4b57-b7bf-b946e6224146}</UniqueIdentifier>
    </Filter>
    <Filter Include="Source Files\Aela_Window">
      <UniqueIdentifier>{2f98d2ff-1bf9-43a1-9e50-4801862c48fb}</UniqueIdentifier>
    </Filter>
    <Filter Include="Source Files\Error_Handling">
      <UniqueIdentifier>{8fa0cd36-8623-4070-8992-a4acc4ab3eba}</UniqueIdentifier>
    </Filter>
    <Filter Include="Source Files\Aela_3D">
      <UniqueIdentifier>{7582ebd5-762f-40fc-9525-20094c4fb166}</UniqueIdentifier>
    </Filter>
    <Filter Include="Source Files\Aela_3D\Aela_Models">
      <UniqueIdentifier>{a716ec3e-468d-45d0-a491-74cb98069e59}</UniqueIdentifier>
    </Filter>
    <Filter Include="Source Files\Aela_3D\Aela_3D_Renderer">
      <UniqueIdentifier>{247e39bc-abf4-4136-ae24-37161b6a17df}</UniqueIdentifier>
    </Filter>
    <Filter Include="Source Files\Aela_3D\Aela_3D_Renderer\Aela_3D_Basic_Rendering">
      <UniqueIdentifier>{fe16d524-0594-4fc7-8e2b-f40288d34271}</UniqueIdentifier>
    </Filter>
  </ItemGroup>
  <ItemGroup>
    <ClCompile Include="objloader.cpp">
      <Filter>Common</Filter>
    </ClCompile>
    <ClCompile Include="vboindexer.cpp">
      <Filter>Common</Filter>
    </ClCompile>
    <ClCompile Include="main %28with particles, broken%29.cpp">
      <Filter>Source Files</Filter>
    </ClCompile>
    <ClCompile Include="main.cpp">
      <Filter>Source Files</Filter>
    </ClCompile>
    <ClCompile Include="controls.cpp">
      <Filter>Common</Filter>
    </ClCompile>
    <ClCompile Include="shader.cpp">
      <Filter>Common</Filter>
    </ClCompile>
    <ClCompile Include="texture.cpp">
      <Filter>Common</Filter>
    </ClCompile>
    <ClCompile Include="AelaWindow.cpp">
      <Filter>Source Files\Aela_Window</Filter>
    </ClCompile>
    <ClCompile Include="AelaError.cpp">
      <Filter>Source Files\Error_Handling</Filter>
    </ClCompile>
    <ClCompile Include="AelaModels.cpp">
      <Filter>Source Files\Aela_3D\Aela_Models</Filter>
    </ClCompile>
    <ClCompile Include="main_old.cpp">
      <Filter>Source Files</Filter>
    </ClCompile>
    <ClCompile Include="Aela3DRenderer.cpp">
      <Filter>Source Files\Aela_3D\Aela_3D_Renderer</Filter>
    </ClCompile>
    <ClCompile Include="Aela3DBasicRenderer.cpp">
      <Filter>Source Files\Aela_3D\Aela_3D_Renderer\Aela_3D_Basic_Rendering</Filter>
    </ClCompile>
    <ClCompile Include="Aela3DBasicShadowRenderer.cpp">
      <Filter>Source Files\Aela_3D\Aela_3D_Renderer\Aela_3D_Basic_Rendering</Filter>
    </ClCompile>
    <ClCompile Include="Aela3DBasicTextureRenderer.cpp">
      <Filter>Source Files\Aela_3D\Aela_3D_Renderer\Aela_3D_Basic_Rendering</Filter>
    </ClCompile>
  </ItemGroup>
  <ItemGroup>
    <ClInclude Include="shader.hpp">
      <Filter>Common</Filter>
    </ClInclude>
    <ClInclude Include="controls.hpp">
      <Filter>Common</Filter>
    </ClInclude>
    <ClInclude Include="texture.hpp">
      <Filter>Common</Filter>
    </ClInclude>
    <ClInclude Include="Aela_Engine.h">
      <Filter>Source Files</Filter>
    </ClInclude>
    <ClInclude Include="objloader.hpp">
      <Filter>Common</Filter>
    </ClInclude>
    <ClInclude Include="vboindexer.hpp">
      <Filter>Common</Filter>
    </ClInclude>
    <ClInclude Include="AelaWindow.h">
      <Filter>Source Files\Aela_Window</Filter>
    </ClInclude>
    <ClInclude Include="AelaError.h">
      <Filter>Source Files\Error_Handling</Filter>
    </ClInclude>
    <ClInclude Include="AelaModels.h">
      <Filter>Source Files\Aela_3D\Aela_Models</Filter>
    </ClInclude>
    <ClInclude Include="Aela3DRenderer.h">
      <Filter>Source Files\Aela_3D\Aela_3D_Renderer</Filter>
    </ClInclude>
    <ClInclude Include="Aela3D.h">
      <Filter>Source Files\Aela_3D\Aela_3D_Renderer</Filter>
    </ClInclude>
  </ItemGroup>
  <ItemGroup>
    <None Include="D:\Programs\cmake\ogl-OpenGL-tutorial_0015_33\tutorial18_billboards_and_particles\Particle.fragmentshader">
      <Filter>shaders</Filter>
    </None>
    <None Include="D:\Programs\cmake\ogl-OpenGL-tutorial_0015_33\tutorial18_billboards_and_particles\Particle.vertexshader">
      <Filter>shaders</Filter>
    </None>
  </ItemGroup>
</Project>