<?xml version="1.0" encoding="utf-8"?>
<Project ToolsVersion="4.0" xmlns="http://schemas.microsoft.com/developer/msbuild/2003">
  <ItemGroup>
    <Filter Include="Source Files">
      <UniqueIdentifier>{4FC737F1-C7A5-4376-A066-2A32D752A2FF}</UniqueIdentifier>
      <Extensions>cpp;c;cc;cxx;def;odl;idl;hpj;bat;asm;asmx</Extensions>
    </Filter>
    <Filter Include="Source Files\Control Manager">
      <UniqueIdentifier>{9ff4e75a-97dd-407f-bdcc-4d7185e7c40f}</UniqueIdentifier>
    </Filter>
    <Filter Include="Source Files\Time Manager">
      <UniqueIdentifier>{acb8403c-7624-4d65-b356-5816efbdbc8d}</UniqueIdentifier>
    </Filter>
    <Filter Include="Source Files\Window">
      <UniqueIdentifier>{2f98d2ff-1bf9-43a1-9e50-4801862c48fb}</UniqueIdentifier>
    </Filter>
    <Filter Include="Source Files\Error Handler">
      <UniqueIdentifier>{8fa0cd36-8623-4070-8992-a4acc4ab3eba}</UniqueIdentifier>
    </Filter>
    <Filter Include="Source Files\Resources">
      <UniqueIdentifier>{4c5a3fe7-8acf-4237-98a8-459dd8d4ab1b}</UniqueIdentifier>
    </Filter>
    <Filter Include="Source Files\Resources\General">
      <UniqueIdentifier>{cb7abe93-6258-4d39-8dc8-384cf49cc4c3}</UniqueIdentifier>
    </Filter>
    <Filter Include="Source Files\Resources\Textures">
      <UniqueIdentifier>{30df1193-7aa1-4ab1-9705-4c611fae2564}</UniqueIdentifier>
    </Filter>
    <Filter Include="Source Files\Resources\Objects">
      <UniqueIdentifier>{36930cce-2bfc-4bfd-9ab5-347c9c20b485}</UniqueIdentifier>
    </Filter>
    <Filter Include="Source Files\Scenes">
      <UniqueIdentifier>{a2c255d3-1d7d-45e9-a41c-66d64f9c529c}</UniqueIdentifier>
    </Filter>
    <Filter Include="Source Files\Shaders">
      <UniqueIdentifier>{ad8b9973-2333-4f7e-b7c7-ada364d08b7d}</UniqueIdentifier>
    </Filter>
    <Filter Include="Source Files\Renderer">
      <UniqueIdentifier>{85f37673-de86-4118-9ebf-063de9afbc65}</UniqueIdentifier>
    </Filter>
    <Filter Include="Source Files\3D">
      <UniqueIdentifier>{7582ebd5-762f-40fc-9525-20094c4fb166}</UniqueIdentifier>
    </Filter>
    <Filter Include="Source Files\3D\3D Renderer">
      <UniqueIdentifier>{247e39bc-abf4-4136-ae24-37161b6a17df}</UniqueIdentifier>
    </Filter>
    <Filter Include="Source Files\3D\Billboards">
      <UniqueIdentifier>{ecc7cefe-a181-4a48-bd01-a56d97378ded}</UniqueIdentifier>
    </Filter>
    <Filter Include="Source Files\3D\Models">
      <UniqueIdentifier>{a716ec3e-468d-45d0-a491-74cb98069e59}</UniqueIdentifier>
    </Filter>
    <Filter Include="Source Files\3D\Texture">
      <UniqueIdentifier>{4dd661f4-e90b-4822-98d7-0a222023f326}</UniqueIdentifier>
    </Filter>
    <Filter Include="Source Files\2D">
      <UniqueIdentifier>{79242ccc-4346-46ed-a71e-d607bc7b6af2}</UniqueIdentifier>
    </Filter>
    <Filter Include="Source Files\2D\Text">
      <UniqueIdentifier>{acf79cd2-8311-42c0-9832-630ab3ab6c05}</UniqueIdentifier>
    </Filter>
    <Filter Include="Source Files\3D\3D Camera">
      <UniqueIdentifier>{3dd079d9-c7b7-487c-a5ce-0f2b17ce05bd}</UniqueIdentifier>
    </Filter>
    <Filter Include="Old Garbage">
      <UniqueIdentifier>{790e8aaa-302c-4a28-b886-03a1ba69cab5}</UniqueIdentifier>
    </Filter>
    <Filter Include="Source Files\Utilities">
      <UniqueIdentifier>{b4397253-6ff4-4af3-90c1-ff5a98406f94}</UniqueIdentifier>
    </Filter>
    <Filter Include="Source Files\Utilities\Rect">
      <UniqueIdentifier>{13d45639-33e5-4ca4-8b2c-0da47b83162a}</UniqueIdentifier>
    </Filter>
    <Filter Include="Source Files\Utilities\Colour">
      <UniqueIdentifier>{a2dcca8e-8b37-462e-99ce-bda5d6ffd49e}</UniqueIdentifier>
    </Filter>
    <Filter Include="Source Files\Menus">
      <UniqueIdentifier>{d0fea2af-0289-4e1c-a08e-a89b4eef77e9}</UniqueIdentifier>
    </Filter>
    <Filter Include="Source Files\Lua">
      <UniqueIdentifier>{233c489f-33a8-4438-806a-3d0ff01a9a86}</UniqueIdentifier>
    </Filter>
    <Filter Include="Source Files\Events">
      <UniqueIdentifier>{4436bb90-6aa1-4557-bf30-fea44dbc9e0d}</UniqueIdentifier>
    </Filter>
    <Filter Include="Source Files\3D\3D Light">
      <UniqueIdentifier>{07af14b2-19f1-4b68-b12a-15a5f0bcfe2b}</UniqueIdentifier>
    </Filter>
    <Filter Include="Source Files\3D\3D Object">
      <UniqueIdentifier>{184f120f-789a-49f0-9744-a97204630fe1}</UniqueIdentifier>
    </Filter>
    <Filter Include="Source Files\2D\2D Renderer">
      <UniqueIdentifier>{34b86304-4064-4370-8d1f-095ab0a5281e}</UniqueIdentifier>
    </Filter>
    <Filter Include="Source Files\Audio">
      <UniqueIdentifier>{d891b45e-4fa2-497c-b714-0d24c2dc0d8f}</UniqueIdentifier>
    </Filter>
    <Filter Include="Source Files\3D\Skybox">
      <UniqueIdentifier>{1ffccef5-9a7f-457f-9ce3-dcef351e98fa}</UniqueIdentifier>
    </Filter>
  </ItemGroup>
  <ItemGroup>
    <ClCompile Include="main.cpp">
      <Filter>Source Files</Filter>
    </ClCompile>
    <ClCompile Include="Resource Management\ResourceManager.cpp">
      <Filter>Source Files\Resources\General</Filter>
    </ClCompile>
    <ClCompile Include="Resource Management\TextureLoader.cpp">
      <Filter>Source Files\Resources\Textures</Filter>
    </ClCompile>
    <ClCompile Include="Scenes\Scene.cpp">
      <Filter>Source Files\Scenes</Filter>
    </ClCompile>
    <ClCompile Include="Scenes\SceneManager.cpp">
      <Filter>Source Files\Scenes</Filter>
    </ClCompile>
    <ClCompile Include="Resource Management\OBJLoader.cpp">
      <Filter>Source Files\Resources\Objects</Filter>
    </ClCompile>
    <ClCompile Include="Menus\Component.cpp">
      <Filter>Source Files\Menus</Filter>
    </ClCompile>
    <ClCompile Include="Menus\Container.cpp">
      <Filter>Source Files\Menus</Filter>
    </ClCompile>
    <ClCompile Include="Menus\Menu.cpp">
      <Filter>Source Files\Menus</Filter>
    </ClCompile>
    <ClCompile Include="Control Manager\ControlManager.cpp">
      <Filter>Source Files\Control Manager</Filter>
    </ClCompile>
    <ClCompile Include="Error Handler\AelaErrorHandler.cpp">
      <Filter>Source Files\Error Handler</Filter>
    </ClCompile>
    <ClCompile Include="Error Handler\AelaSimpleError.cpp">
      <Filter>Source Files\Error Handler</Filter>
    </ClCompile>
    <ClCompile Include="Error Handler\ErrorHandler.cpp">
      <Filter>Source Files\Error Handler</Filter>
    </ClCompile>
    <ClCompile Include="Old Garbage\objloader_old.cpp">
      <Filter>Old Garbage</Filter>
    </ClCompile>
    <ClCompile Include="Old Garbage\shader.cpp">
      <Filter>Old Garbage</Filter>
    </ClCompile>
    <ClCompile Include="Old Garbage\texture.cpp">
      <Filter>Old Garbage</Filter>
    </ClCompile>
    <ClCompile Include="Old Garbage\vboindexer.cpp">
      <Filter>Old Garbage</Filter>
    </ClCompile>
    <ClCompile Include="2D\2D Renderer\Basic2DRenderer.cpp">
      <Filter>Source Files\2D\2D Renderer</Filter>
    </ClCompile>
    <ClCompile Include="2D\Text\TextFont.cpp">
      <Filter>Source Files\2D\Text</Filter>
    </ClCompile>
    <ClCompile Include="2D\Text\TextManager.cpp">
      <Filter>Source Files\2D\Text</Filter>
    </ClCompile>
    <ClCompile Include="3D\3D Renderer\Basic3DModelRenderer.cpp">
      <Filter>Source Files\3D\3D Renderer</Filter>
    </ClCompile>
    <ClCompile Include="3D\3D Renderer\Basic3DRenderer.cpp">
      <Filter>Source Files\3D\3D Renderer</Filter>
    </ClCompile>
    <ClCompile Include="3D\3D Renderer\Basic3DShadowRenderer.cpp">
      <Filter>Source Files\3D\3D Renderer</Filter>
    </ClCompile>
    <ClCompile Include="3D\3D Camera\Camera3D.cpp">
      <Filter>Source Files\3D\3D Camera</Filter>
    </ClCompile>
    <ClCompile Include="3D\Models\Models.cpp">
      <Filter>Source Files\3D\Models</Filter>
    </ClCompile>
    <ClCompile Include="Renderer\Renderer.cpp">
      <Filter>Source Files\Renderer</Filter>
    </ClCompile>
    <ClCompile Include="Window\Window.cpp">
      <Filter>Source Files\Window</Filter>
    </ClCompile>
    <ClCompile Include="Lua\Entity.cpp">
      <Filter>Source Files\Lua</Filter>
    </ClCompile>
    <ClCompile Include="Lua\LuaManager.cpp">
      <Filter>Source Files\Lua</Filter>
    </ClCompile>
    <ClCompile Include="Lua\LuaScript.cpp">
      <Filter>Source Files\Lua</Filter>
    </ClCompile>
    <ClCompile Include="Events\EventHandler.cpp">
      <Filter>Source Files\Events</Filter>
    </ClCompile>
    <ClCompile Include="3D\3D Light\Light3D.cpp">
      <Filter>Source Files\3D\3D Light</Filter>
    </ClCompile>
    <ClCompile Include="3D\3D Object\Object3D.cpp">
      <Filter>Source Files\3D\3D Object</Filter>
    </ClCompile>
    <ClCompile Include="3D\3D Object\Object3D.cpp">
      <Filter>Source Files\3D\3D Object</Filter>
    </ClCompile>
    <ClCompile Include="3D\3D Light\Light3D.cpp">
      <Filter>Source Files\3D\3D Light</Filter>
    </ClCompile>
    <ClCompile Include="Resource Management\ResourceQuery.cpp">
      <Filter>Source Files\Resources\General</Filter>
    </ClCompile>
    <ClCompile Include="Menus\TextComponent.cpp">
      <Filter>Source Files\Menus</Filter>
    </ClCompile>
    <ClCompile Include="Menus\AbstractLayoutManager.cpp">
      <Filter>Source Files\Menus</Filter>
    </ClCompile>
    <ClCompile Include="Audio\AudioManager.cpp">
      <Filter>Source Files\Audio</Filter>
    </ClCompile>
    <ClCompile Include="Audio\Listener.cpp">
      <Filter>Source Files\Audio</Filter>
    </ClCompile>
    <ClCompile Include="Lua\Mod.cpp">
      <Filter>Source Files\Lua</Filter>
    </ClCompile>
    <ClCompile Include="Lua\ModManager.cpp">
      <Filter>Source Files\Lua</Filter>
    </ClCompile>
    <ClCompile Include="3D\Skybox\Skybox.cpp">
      <Filter>Source Files\3D\Skybox</Filter>
    </ClCompile>
    <ClCompile Include="3D\3D Renderer\Basic3DSkyboxRenderer.cpp">
      <Filter>Source Files\3D\3D Renderer</Filter>
    </ClCompile>
    <ClCompile Include="Resource Management\ResourceLoader.cpp">
      <Filter>Source Files\Resources\General</Filter>
    </ClCompile>
    <ClCompile Include="Audio\WAVEClipLoader.cpp">
      <Filter>Source Files\Audio</Filter>
    </ClCompile>
    <ClCompile Include="Resource Management\OBJResource.cpp">
      <Filter>Source Files\Resources\General</Filter>
    </ClCompile>
    <ClCompile Include="Audio\AudioClip.cpp">
      <Filter>Source Files\Audio</Filter>
    </ClCompile>
    <ClCompile Include="Resource Management\Resource.cpp">
      <Filter>Source Files\Resources\General</Filter>
    </ClCompile>
  </ItemGroup>
  <ItemGroup>
    <ClInclude Include="Aela_Engine.h">
      <Filter>Source Files</Filter>
    </ClInclude>
    <ClInclude Include="Resource Management\Resource.h">
      <Filter>Source Files\Resources\General</Filter>
    </ClInclude>
    <ClInclude Include="Resource Management\ResourceLoader.h">
      <Filter>Source Files\Resources\General</Filter>
    </ClInclude>
    <ClInclude Include="Resource Management\ResourceManager.h">
      <Filter>Source Files\Resources\General</Filter>
    </ClInclude>
    <ClInclude Include="Resource Management\stdafx.h">
      <Filter>Source Files\Resources\General</Filter>
    </ClInclude>
    <ClInclude Include="Resource Management\TextureLoader.h">
      <Filter>Source Files\Resources\Textures</Filter>
    </ClInclude>
    <ClInclude Include="Scenes\Scene.h">
      <Filter>Source Files\Scenes</Filter>
    </ClInclude>
    <ClInclude Include="Scenes\SceneManager.h">
      <Filter>Source Files\Scenes</Filter>
    </ClInclude>
    <ClInclude Include="Scenes\stdafx.h">
      <Filter>Source Files\Scenes</Filter>
    </ClInclude>
    <ClInclude Include="Resource Management\OBJLoader.h">
      <Filter>Source Files\Resources\Objects</Filter>
    </ClInclude>
    <ClInclude Include="Menus\Component.h">
      <Filter>Source Files\Menus</Filter>
    </ClInclude>
    <ClInclude Include="Menus\Container.h">
      <Filter>Source Files\Menus</Filter>
    </ClInclude>
    <ClInclude Include="Menus\LayoutManager.h">
      <Filter>Source Files\Menus</Filter>
    </ClInclude>
    <ClInclude Include="Menus\Menu.h">
      <Filter>Source Files\Menus</Filter>
    </ClInclude>
    <ClInclude Include="Menus\stdafx.h">
      <Filter>Source Files\Menus</Filter>
    </ClInclude>
    <ClInclude Include="Control Manager\ControlManager.h">
      <Filter>Source Files\Control Manager</Filter>
    </ClInclude>
    <ClInclude Include="Error Handler\AelaErrorHandler.h">
      <Filter>Source Files\Error Handler</Filter>
    </ClInclude>
    <ClInclude Include="Error Handler\AelaSimpleError.h">
      <Filter>Source Files\Error Handler</Filter>
    </ClInclude>
    <ClInclude Include="Error Handler\ErrorHandler.h">
      <Filter>Source Files\Error Handler</Filter>
    </ClInclude>
    <ClInclude Include="Old Garbage\objloader_old.hpp">
      <Filter>Old Garbage</Filter>
    </ClInclude>
    <ClInclude Include="Old Garbage\shader.hpp">
      <Filter>Old Garbage</Filter>
    </ClInclude>
    <ClInclude Include="Old Garbage\texture.hpp">
      <Filter>Old Garbage</Filter>
    </ClInclude>
    <ClInclude Include="Old Garbage\vboindexer.hpp">
      <Filter>Old Garbage</Filter>
    </ClInclude>
    <ClInclude Include="2D\2D Renderer\Basic2DRenderer.h">
      <Filter>Source Files\2D\2D Renderer</Filter>
    </ClInclude>
    <ClInclude Include="2D\Text\TextFont.h">
      <Filter>Source Files\2D\Text</Filter>
    </ClInclude>
    <ClInclude Include="2D\Text\TextManager.h">
      <Filter>Source Files\2D\Text</Filter>
    </ClInclude>
    <ClInclude Include="3D\3D Renderer\Basic3DModelRenderer.h">
      <Filter>Source Files\3D\3D Renderer</Filter>
    </ClInclude>
    <ClInclude Include="3D\3D Renderer\Basic3DRenderer.h">
      <Filter>Source Files\3D\3D Renderer</Filter>
    </ClInclude>
    <ClInclude Include="3D\3D Renderer\Basic3DShadowRenderer.h">
      <Filter>Source Files\3D\3D Renderer</Filter>
    </ClInclude>
    <ClInclude Include="3D\Billboards\Billboards.h">
      <Filter>Source Files\3D\Billboards</Filter>
    </ClInclude>
    <ClInclude Include="3D\3D Camera\Camera3D.h">
      <Filter>Source Files\3D\3D Camera</Filter>
    </ClInclude>
    <ClInclude Include="3D\Models\Models.h">
      <Filter>Source Files\3D\Models</Filter>
    </ClInclude>
    <ClInclude Include="3D\Texture\Texture.h">
      <Filter>Source Files\3D\Texture</Filter>
    </ClInclude>
    <ClInclude Include="Renderer\Renderer.h">
      <Filter>Source Files\Renderer</Filter>
    </ClInclude>
    <ClInclude Include="Time Manager\TimeManager.h">
      <Filter>Source Files\Time Manager</Filter>
    </ClInclude>
    <ClInclude Include="Utilities\Colour\ColourRGBA.h">
      <Filter>Source Files\Utilities\Colour</Filter>
    </ClInclude>
    <ClInclude Include="Utilities\Rect\Rect.h">
      <Filter>Source Files\Utilities\Rect</Filter>
    </ClInclude>
    <ClInclude Include="Window\Window.h">
      <Filter>Source Files\Window</Filter>
    </ClInclude>
    <ClInclude Include="Lua\Entity.h">
      <Filter>Source Files\Lua</Filter>
    </ClInclude>
    <ClInclude Include="Lua\LuaManager.h">
      <Filter>Source Files\Lua</Filter>
    </ClInclude>
    <ClInclude Include="Lua\LuaScript.h">
      <Filter>Source Files\Lua</Filter>
    </ClInclude>
    <ClInclude Include="Events\EventHandler.h">
      <Filter>Source Files\Events</Filter>
    </ClInclude>
    <ClInclude Include="3D\3D Light\Light3D.h">
      <Filter>Source Files\3D\3D Light</Filter>
    </ClInclude>
    <ClInclude Include="3D\3D Object\Object3D.h">
      <Filter>Source Files\3D\3D Object</Filter>
    </ClInclude>
    <ClInclude Include="Resource Management\ResourceQuery.h">
      <Filter>Source Files\Resources\General</Filter>
    </ClInclude>
    <ClInclude Include="Menus\TextComponent.h">
      <Filter>Source Files\Menus</Filter>
    </ClInclude>
    <ClInclude Include="Menus\AbstractLayoutManager.h">
      <Filter>Source Files\Menus</Filter>
    </ClInclude>
    <ClInclude Include="Audio\AudioManager.h">
      <Filter>Source Files\Audio</Filter>
    </ClInclude>
    <ClInclude Include="Audio\Listener.h">
      <Filter>Source Files\Audio</Filter>
    </ClInclude>
    <ClInclude Include="Lua\Exposable.h">
      <Filter>Source Files\Lua</Filter>
    </ClInclude>
    <ClInclude Include="Lua\Mod.h">
      <Filter>Source Files\Lua</Filter>
    </ClInclude>
    <ClInclude Include="Lua\ModManager.h">
      <Filter>Source Files\Lua</Filter>
    </ClInclude>
    <ClInclude Include="3D\Skybox\Skybox.h">
      <Filter>Source Files\3D\Skybox</Filter>
    </ClInclude>
    <ClInclude Include="3D\3D Renderer\Basic3DSkyboxRenderer.h">
      <Filter>Source Files\3D\3D Renderer</Filter>
    </ClInclude>
    <ClInclude Include="Audio\WAVEClipLoader.h">
      <Filter>Source Files\Audio</Filter>
    </ClInclude>
    <ClInclude Include="Resource Management\OBJResource.h">
      <Filter>Source Files\Resources\General</Filter>
    </ClInclude>
    <ClInclude Include="Audio\AudioClip.h">
      <Filter>Source Files\Audio</Filter>
    </ClInclude>
  </ItemGroup>
  <ItemGroup>
    <None Include="..\Release\res\shaders\DepthRTT.fragmentshader">
      <Filter>Source Files\Shaders</Filter>
    </None>
    <None Include="..\Release\res\shaders\DepthRTT.vertexshader">
      <Filter>Source Files\Shaders</Filter>
    </None>
    <None Include="..\Release\res\shaders\ShadowMapping.fragmentshader">
      <Filter>Source Files\Shaders</Filter>
    </None>
    <None Include="..\Release\res\shaders\ShadowMapping.vertexshader">
      <Filter>Source Files\Shaders</Filter>
    </None>
  </ItemGroup>
</Project>